
Microsoft Visual Studio Solution File, Format Version 12.00
# Visual Studio Version 16
VisualStudioVersion = 16.0.30225.117
MinimumVisualStudioVersion = 10.0.40219.1
Project("{FAE04EC0-301F-11D3-BF4B-00C04F79EFBC}") = "ConsoleApp139", "ConsoleApp139\ConsoleApp139.csproj", "{4E7EEF02-B194-47BF-91E8-1927281D4796}"
EndProject
Global
	GlobalSection(SolutionConfigurationPlatforms) = preSolution
		Debug|Any CPU = Debug|Any CPU
		Release|Any CPU = Release|Any CPU
	EndGlobalSection
	GlobalSection(ProjectConfigurationPlatforms) = postSolution
		{4E7EEF02-B194-47BF-91E8-1927281D4796}.Debug|Any CPU.ActiveCfg = Debug|Any CPU
		{4E7EEF02-B194-47BF-91E8-1927281D4796}.Debug|Any CPU.Build.0 = Debug|Any CPU
		{4E7EEF02-B194-47BF-91E8-1927281D4796}.Release|Any CPU.ActiveCfg = Release|Any CPU
		{4E7EEF02-B194-47BF-91E8-1927281D4796}.Release|Any CPU.Build.0 = Release|Any CPU
	EndGlobalSection
	GlobalSection(SolutionProperties) = preSolution
		HideSolutionNode = FALSE
	EndGlobalSection
	GlobalSection(ExtensibilityGlobals) = postSolution
		SolutionGuid = {E0D6D795-6B10-40AF-8A2D-3A8421D21D82}
	EndGlobalSection
EndGlobal
